symfony v2.0.12
twig v1.6.2
monolog 1.0.2
doctrine-common 2.1.4
doctrine-dbal 2.1.6
doctrine 2.1.6
swiftmailer v4.1.5
assetic v1.0.3
twig-extensions 1dfff8e793f50f651c4f74f796c2c68a4aee3147
metadata 1.0.0
SensioFrameworkExtraBundle 638f545b7020b9e9d5944a7e3167f60ed848250d
JMSSecurityExtraBundle 541a4c242328dc04b99540c75346cc74a7c0cfb5
SensioDistributionBundle 20b66a408084ad8752f98e50f10533f5245310bf
SensioGeneratorBundle b1ccb78c1743f30817b0fce9bb5c6baff6ed7bf8
AsseticBundle v1.0.1
MopaBootstrapBundle 5ea496a41de2cc444c81244dcb2849300ceb3513
twittersbootstrap d335adf644b213a5ebc9cee3f37f781ad55194ef
KnpMenuBundle c20933d2b988a3bd0944a0fd9e00068c30f0d27f
knp-components v1.1
knpmenu f7970583d4da8776c037e2d49878d8160361e373
